
Microsoft Visual Studio Solution File, Format Version 12.00
# Visual Studio Version 16
VisualStudioVersion = 16.0.28516.95
MinimumVisualStudioVersion = 10.0.40219.1
Project("{9A19103F-16F7-4668-BE54-9A1E7A4F7556}") = "AspNetCoreStartupServices", "src/WebDemo/AspNetCoreStartupServices.csproj", "{A0FE7F35-D275-45FA-9EA8-9DAB07DE11AD}"
EndProject
Project("{FAE04EC0-301F-11D3-BF4B-00C04F79EFBC}") = "Ardalis.ListStartupServices", "src/Ardalis.ListStartupServices/Ardalis.ListStartupServices.csproj", "{529BFABB-F05D-4471-BA58-513704707563}"
EndProject
Global
	GlobalSection(SolutionConfigurationPlatforms) = preSolution
		Debug|Any CPU = Debug|Any CPU
		Release|Any CPU = Release|Any CPU
	EndGlobalSection
	GlobalSection(ProjectConfigurationPlatforms) = postSolution
		{A0FE7F35-D275-45FA-9EA8-9DAB07DE11AD}.Debug|Any CPU.ActiveCfg = Debug|Any CPU
		{A0FE7F35-D275-45FA-9EA8-9DAB07DE11AD}.Debug|Any CPU.Build.0 = Debug|Any CPU
		{A0FE7F35-D275-45FA-9EA8-9DAB07DE11AD}.Release|Any CPU.ActiveCfg = Release|Any CPU
		{A0FE7F35-D275-45FA-9EA8-9DAB07DE11AD}.Release|Any CPU.Build.0 = Release|Any CPU
		{529BFABB-F05D-4471-BA58-513704707563}.Debug|Any CPU.ActiveCfg = Debug|Any CPU
		{529BFABB-F05D-4471-BA58-513704707563}.Debug|Any CPU.Build.0 = Debug|Any CPU
		{529BFABB-F05D-4471-BA58-513704707563}.Release|Any CPU.ActiveCfg = Release|Any CPU
		{529BFABB-F05D-4471-BA58-513704707563}.Release|Any CPU.Build.0 = Release|Any CPU
	EndGlobalSection
	GlobalSection(SolutionProperties) = preSolution
		HideSolutionNode = FALSE
	EndGlobalSection
	GlobalSection(ExtensibilityGlobals) = postSolution
		SolutionGuid = {60C131DA-E499-4117-B6C0-A4E18B97AC28}
	EndGlobalSection
EndGlobal
